// !$*UTF8*$!
{
	archiveVersion = 1;
	classes = {
	};
	objectVersion = 48;
	objects = {

/* Begin PBXBuildFile section */
		2500BAC62064A0D6007606EE /* TimerViewController.swift in Sources */ = {isa = PBXBuildFile; fileRef = 2500BAC52064A0D6007606EE /* TimerViewController.swift */; };
		255841AE206F3E970037FD60 /* PomodoroTimer.swift in Sources */ = {isa = PBXBuildFile; fileRef = 255841AD206F3E970037FD60 /* PomodoroTimer.swift */; };
		256E347D206344C400CB9F79 /* AppDelegate.swift in Sources */ = {isa = PBXBuildFile; fileRef = 256E347C206344C400CB9F79 /* AppDelegate.swift */; };
		256E3481206344C400CB9F79 /* Assets.xcassets in Resources */ = {isa = PBXBuildFile; fileRef = 256E3480206344C400CB9F79 /* Assets.xcassets */; };
		256E3484206344C400CB9F79 /* Main.storyboard in Resources */ = {isa = PBXBuildFile; fileRef = 256E3482206344C400CB9F79 /* Main.storyboard */; };
		256E40C12066083C0007E728 /* EventMonitor.swift in Sources */ = {isa = PBXBuildFile; fileRef = 256E40C02066083C0007E728 /* EventMonitor.swift */; };
/* End PBXBuildFile section */

/* Begin PBXFileReference section */
		2500BAC52064A0D6007606EE /* TimerViewController.swift */ = {isa = PBXFileReference; lastKnownFileType = sourcecode.swift; path = TimerViewController.swift; sourceTree = "<group>"; };
		255841AD206F3E970037FD60 /* PomodoroTimer.swift */ = {isa = PBXFileReference; lastKnownFileType = sourcecode.swift; path = PomodoroTimer.swift; sourceTree = "<group>"; };
		256E3479206344C400CB9F79 /* Pomobaro.app */ = {isa = PBXFileReference; explicitFileType = wrapper.application; includeInIndex = 0; path = Pomobaro.app; sourceTree = BUILT_PRODUCTS_DIR; };
		256E347C206344C400CB9F79 /* AppDelegate.swift */ = {isa = PBXFileReference; lastKnownFileType = sourcecode.swift; path = AppDelegate.swift; sourceTree = "<group>"; };
		256E3480206344C400CB9F79 /* Assets.xcassets */ = {isa = PBXFileReference; lastKnownFileType = folder.assetcatalog; path = Assets.xcassets; sourceTree = "<group>"; };
		256E3483206344C400CB9F79 /* Base */ = {isa = PBXFileReference; lastKnownFileType = file.storyboard; name = Base; path = Base.lproj/Main.storyboard; sourceTree = "<group>"; };
		256E3485206344C400CB9F79 /* Info.plist */ = {isa = PBXFileReference; lastKnownFileType = text.plist.xml; path = Info.plist; sourceTree = "<group>"; };
		256E3486206344C400CB9F79 /* Pomobaro.entitlements */ = {isa = PBXFileReference; lastKnownFileType = text.plist.entitlements; path = Pomobaro.entitlements; sourceTree = "<group>"; };
		256E40C02066083C0007E728 /* EventMonitor.swift */ = {isa = PBXFileReference; lastKnownFileType = sourcecode.swift; path = EventMonitor.swift; sourceTree = "<group>"; };
/* End PBXFileReference section */

/* Begin PBXFrameworksBuildPhase section */
		256E3476206344C300CB9F79 /* Frameworks */ = {
			isa = PBXFrameworksBuildPhase;
			buildActionMask = 2147483647;
			files = (
			);
			runOnlyForDeploymentPostprocessing = 0;
		};
/* End PBXFrameworksBuildPhase section */

/* Begin PBXGroup section */
		2500BAC42064A0A9007606EE /* Views */ = {
			isa = PBXGroup;
			children = (
				2500BAC52064A0D6007606EE /* TimerViewController.swift */,
				256E40C02066083C0007E728 /* EventMonitor.swift */,
			);
			path = Views;
			sourceTree = "<group>";
		};
		255841AC206F3E390037FD60 /* Models */ = {
			isa = PBXGroup;
			children = (
				255841AD206F3E970037FD60 /* PomodoroTimer.swift */,
			);
			path = Models;
			sourceTree = "<group>";
		};
		256E3470206344C300CB9F79 = {
			isa = PBXGroup;
			children = (
				256E347B206344C400CB9F79 /* Pomobaro */,
				256E347A206344C400CB9F79 /* Products */,
			);
			sourceTree = "<group>";
		};
		256E347A206344C400CB9F79 /* Products */ = {
			isa = PBXGroup;
			children = (
				256E3479206344C400CB9F79 /* Pomobaro.app */,
			);
			name = Products;
			sourceTree = "<group>";
		};
		256E347B206344C400CB9F79 /* Pomobaro */ = {
			isa = PBXGroup;
			children = (
				255841AC206F3E390037FD60 /* Models */,
				2500BAC42064A0A9007606EE /* Views */,
				256E347C206344C400CB9F79 /* AppDelegate.swift */,
				256E3480206344C400CB9F79 /* Assets.xcassets */,
				256E3482206344C400CB9F79 /* Main.storyboard */,
				256E3485206344C400CB9F79 /* Info.plist */,
				256E3486206344C400CB9F79 /* Pomobaro.entitlements */,
			);
			path = Pomobaro;
			sourceTree = "<group>";
		};
/* End PBXGroup section */

/* Begin PBXNativeTarget section */
		256E3478206344C300CB9F79 /* Pomobaro */ = {
			isa = PBXNativeTarget;
			buildConfigurationList = 256E3489206344C400CB9F79 /* Build configuration list for PBXNativeTarget "Pomobaro" */;
			buildPhases = (
				256E3475206344C300CB9F79 /* Sources */,
				256E3476206344C300CB9F79 /* Frameworks */,
				256E3477206344C300CB9F79 /* Resources */,
			);
			buildRules = (
			);
			dependencies = (
			);
			name = Pomobaro;
			productName = Pomobaro;
			productReference = 256E3479206344C400CB9F79 /* Pomobaro.app */;
			productType = "com.apple.product-type.application";
		};
/* End PBXNativeTarget section */

/* Begin PBXProject section */
		256E3471206344C300CB9F79 /* Project object */ = {
			isa = PBXProject;
			attributes = {
				LastSwiftUpdateCheck = 0920;
				LastUpgradeCheck = 0920;
				ORGANIZATIONNAME = Curtis;
				TargetAttributes = {
					256E3478206344C300CB9F79 = {
						CreatedOnToolsVersion = 9.2;
						ProvisioningStyle = Automatic;
					};
				};
			};
			buildConfigurationList = 256E3474206344C300CB9F79 /* Build configuration list for PBXProject "Pomobaro" */;
			compatibilityVersion = "Xcode 8.0";
			developmentRegion = en;
			hasScannedForEncodings = 0;
			knownRegions = (
				en,
				Base,
			);
			mainGroup = 256E3470206344C300CB9F79;
			productRefGroup = 256E347A206344C400CB9F79 /* Products */;
			projectDirPath = "";
			projectRoot = "";
			targets = (
				256E3478206344C300CB9F79 /* Pomobaro */,
			);
		};
/* End PBXProject section */

/* Begin PBXResourcesBuildPhase section */
		256E3477206344C300CB9F79 /* Resources */ = {
			isa = PBXResourcesBuildPhase;
			buildActionMask = 2147483647;
			files = (
				256E3481206344C400CB9F79 /* Assets.xcassets in Resources */,
				256E3484206344C400CB9F79 /* Main.storyboard in Resources */,
			);
			runOnlyForDeploymentPostprocessing = 0;
		};
/* End PBXResourcesBuildPhase section */

/* Begin PBXSourcesBuildPhase section */
		256E3475206344C300CB9F79 /* Sources */ = {
			isa = PBXSourcesBuildPhase;
			buildActionMask = 2147483647;
			files = (
				256E40C12066083C0007E728 /* EventMonitor.swift in Sources */,
				2500BAC62064A0D6007606EE /* TimerViewController.swift in Sources */,
				255841AE206F3E970037FD60 /* PomodoroTimer.swift in Sources */,
				256E347D206344C400CB9F79 /* AppDelegate.swift in Sources */,
			);
			runOnlyForDeploymentPostprocessing = 0;
		};
/* End PBXSourcesBuildPhase section */

/* Begin PBXVariantGroup section */
		256E3482206344C400CB9F79 /* Main.storyboard */ = {
			isa = PBXVariantGroup;
			children = (
				256E3483206344C400CB9F79 /* Base */,
			);
			name = Main.storyboard;
			sourceTree = "<group>";
		};
/* End PBXVariantGroup section */

/* Begin XCBuildConfiguration section */
		256E3487206344C400CB9F79 /* Debug */ = {
			isa = XCBuildConfiguration;
			buildSettings = {
				ALWAYS_SEARCH_USER_PATHS = NO;
				CLANG_ANALYZER_NONNULL = YES;
				CLANG_ANALYZER_NUMBER_OBJECT_CONVERSION = YES_AGGRESSIVE;
				CLANG_CXX_LANGUAGE_STANDARD = "gnu++14";
				CLANG_CXX_LIBRARY = "libc++";
				CLANG_ENABLE_MODULES = YES;
				CLANG_ENABLE_OBJC_ARC = YES;
				CLANG_WARN_BLOCK_CAPTURE_AUTORELEASING = YES;
				CLANG_WARN_BOOL_CONVERSION = YES;
				CLANG_WARN_COMMA = YES;
				CLANG_WARN_CONSTANT_CONVERSION = YES;
				CLANG_WARN_DIRECT_OBJC_ISA_USAGE = YES_ERROR;
				CLANG_WARN_DOCUMENTATION_COMMENTS = YES;
				CLANG_WARN_EMPTY_BODY = YES;
				CLANG_WARN_ENUM_CONVERSION = YES;
				CLANG_WARN_INFINITE_RECURSION = YES;
				CLANG_WARN_INT_CONVERSION = YES;
				CLANG_WARN_NON_LITERAL_NULL_CONVERSION = YES;
				CLANG_WARN_OBJC_LITERAL_CONVERSION = YES;
				CLANG_WARN_OBJC_ROOT_CLASS = YES_ERROR;
				CLANG_WARN_RANGE_LOOP_ANALYSIS = YES;
				CLANG_WARN_STRICT_PROTOTYPES = YES;
				CLANG_WARN_SUSPICIOUS_MOVE = YES;
				CLANG_WARN_UNGUARDED_AVAILABILITY = YES_AGGRESSIVE;
				CLANG_WARN_UNREACHABLE_CODE = YES;
				CLANG_WARN__DUPLICATE_METHOD_MATCH = YES;
				CODE_SIGN_IDENTITY = "Mac Developer";
				COPY_PHASE_STRIP = NO;
				DEBUG_INFORMATION_FORMAT = dwarf;
				ENABLE_STRICT_OBJC_MSGSEND = YES;
				ENABLE_TESTABILITY = YES;
				GCC_C_LANGUAGE_STANDARD = gnu11;
				GCC_DYNAMIC_NO_PIC = NO;
				GCC_NO_COMMON_BLOCKS = YES;
				GCC_OPTIMIZATION_LEVEL = 0;
				GCC_PREPROCESSOR_DEFINITIONS = (
					"DEBUG=1",
					"$(inherited)",
				);
				GCC_WARN_64_TO_32_BIT_CONVERSION = YES;
				GCC_WARN_ABOUT_RETURN_TYPE = YES_ERROR;
				GCC_WARN_UNDECLARED_SELECTOR = YES;
				GCC_WARN_UNINITIALIZED_AUTOS = YES_AGGRESSIVE;
				GCC_WARN_UNUSED_FUNCTION = YES;
				GCC_WARN_UNUSED_VARIABLE = YES;
				MACOSX_DEPLOYMENT_TARGET = 10.13;
				MTL_ENABLE_DEBUG_INFO = YES;
				ONLY_ACTIVE_ARCH = YES;
				SDKROOT = macosx;
				SWIFT_ACTIVE_COMPILATION_CONDITIONS = DEBUG;
				SWIFT_OPTIMIZATION_LEVEL = "-Onone";
			};
			name = Debug;
		};
		256E3488206344C400CB9F79 /* Release */ = {
			isa = XCBuildConfiguration;
			buildSettings = {
				ALWAYS_SEARCH_USER_PATHS = NO;
				CLANG_ANALYZER_NONNULL = YES;
				CLANG_ANALYZER_NUMBER_OBJECT_CONVERSION = YES_AGGRESSIVE;
				CLANG_CXX_LANGUAGE_STANDARD = "gnu++14";
				CLANG_CXX_LIBRARY = "libc++";
				CLANG_ENABLE_MODULES = YES;
				CLANG_ENABLE_OBJC_ARC = YES;
				CLANG_WARN_BLOCK_CAPTURE_AUTORELEASING = YES;
				CLANG_WARN_BOOL_CONVERSION = YES;
				CLANG_WARN_COMMA = YES;
				CLANG_WARN_CONSTANT_CONVERSION = YES;
				CLANG_WARN_DIRECT_OBJC_ISA_USAGE = YES_ERROR;
				CLANG_WARN_DOCUMENTATION_COMMENTS = YES;
				CLANG_WARN_EMPTY_BODY = YES;
				CLANG_WARN_ENUM_CONVERSION = YES;
				CLANG_WARN_INFINITE_RECURSION = YES;
				CLANG_WARN_INT_CONVERSION = YES;
				CLANG_WARN_NON_LITERAL_NULL_CONVERSION = YES;
				CLANG_WARN_OBJC_LITERAL_CONVERSION = YES;
				CLANG_WARN_OBJC_ROOT_CLASS = YES_ERROR;
				CLANG_WARN_RANGE_LOOP_ANALYSIS = YES;
				CLANG_WARN_STRICT_PROTOTYPES = YES;
				CLANG_WARN_SUSPICIOUS_MOVE = YES;
				CLANG_WARN_UNGUARDED_AVAILABILITY = YES_AGGRESSIVE;
				CLANG_WARN_UNREACHABLE_CODE = YES;
				CLANG_WARN__DUPLICATE_METHOD_MATCH = YES;
				CODE_SIGN_IDENTITY = "Mac Developer";
				COPY_PHASE_STRIP = NO;
				DEBUG_INFORMATION_FORMAT = "dwarf-with-dsym";
				ENABLE_NS_ASSERTIONS = NO;
				ENABLE_STRICT_OBJC_MSGSEND = YES;
				GCC_C_LANGUAGE_STANDARD = gnu11;
				GCC_NO_COMMON_BLOCKS = YES;
				GCC_WARN_64_TO_32_BIT_CONVERSION = YES;
				GCC_WARN_ABOUT_RETURN_TYPE = YES_ERROR;
				GCC_WARN_UNDECLARED_SELECTOR = YES;
				GCC_WARN_UNINITIALIZED_AUTOS = YES_AGGRESSIVE;
				GCC_WARN_UNUSED_FUNCTION = YES;
				GCC_WARN_UNUSED_VARIABLE = YES;
				MACOSX_DEPLOYMENT_TARGET = 10.13;
				MTL_ENABLE_DEBUG_INFO = NO;
				SDKROOT = macosx;
				SWIFT_OPTIMIZATION_LEVEL = "-Owholemodule";
			};
			name = Release;
		};
		256E348A206344C400CB9F79 /* Debug */ = {
			isa = XCBuildConfiguration;
			buildSettings = {
				ASSETCATALOG_COMPILER_APPICON_NAME = AppIcon;
				CODE_SIGN_ENTITLEMENTS = Pomobaro/Pomobaro.entitlements;
				CODE_SIGN_STYLE = Automatic;
				COMBINE_HIDPI_IMAGES = YES;
				DEVELOPMENT_TEAM = 8JFKWAVVF9;
				INFOPLIST_FILE = Pomobaro/Info.plist;
				LD_RUNPATH_SEARCH_PATHS = "$(inherited) @executable_path/../Frameworks";
				PRODUCT_BUNDLE_IDENTIFIER = com.curtisrodgers.Pomobaro;
				PRODUCT_NAME = "$(TARGET_NAME)";
				SWIFT_VERSION = 4.0;
			};
			name = Debug;
		};
		256E348B206344C400CB9F79 /* Release */ = {
			isa = XCBuildConfiguration;
			buildSettings = {
				ASSETCATALOG_COMPILER_APPICON_NAME = AppIcon;
				CODE_SIGN_ENTITLEMENTS = Pomobaro/Pomobaro.entitlements;
				CODE_SIGN_STYLE = Automatic;
				COMBINE_HIDPI_IMAGES = YES;
				DEVELOPMENT_TEAM = 8JFKWAVVF9;
				INFOPLIST_FILE = Pomobaro/Info.plist;
				LD_RUNPATH_SEARCH_PATHS = "$(inherited) @executable_path/../Frameworks";
				PRODUCT_BUNDLE_IDENTIFIER = com.curtisrodgers.Pomobaro;
				PRODUCT_NAME = "$(TARGET_NAME)";
				SWIFT_VERSION = 4.0;
			};
			name = Release;
		};
/* End XCBuildConfiguration section */

/* Begin XCConfigurationList section */
		256E3474206344C300CB9F79 /* Build configuration list for PBXProject "Pomobaro" */ = {
			isa = XCConfigurationList;
			buildConfigurations = (
				256E3487206344C400CB9F79 /* Debug */,
				256E3488206344C400CB9F79 /* Release */,
			);
			defaultConfigurationIsVisible = 0;
			defaultConfigurationName = Release;
		};
		256E3489206344C400CB9F79 /* Build configuration list for PBXNativeTarget "Pomobaro" */ = {
			isa = XCConfigurationList;
			buildConfigurations = (
				256E348A206344C400CB9F79 /* Debug */,
				256E348B206344C400CB9F79 /* Release */,
			);
			defaultConfigurationIsVisible = 0;
			defaultConfigurationName = Release;
		};
/* End XCConfigurationList section */
	};
	rootObject = 256E3471206344C300CB9F79 /* Project object */;
}
